
Microsoft Visual Studio Solution File, Format Version 12.00
# Visual Studio Version 17
VisualStudioVersion = 17.1.32210.238
MinimumVisualStudioVersion = 10.0.40219.1
Project("{FAE04EC0-301F-11D3-BF4B-00C04F79EFBC}") = "DataStructure", "DataStructure\DataStructure.csproj", "{16E9F199-79A1-4EFA-AD8E-6E3EFA03777C}"
EndProject
Global
	GlobalSection(SolutionConfigurationPlatforms) = preSolution
		Debug|Any CPU = Debug|Any CPU
		Release|Any CPU = Release|Any CPU
	EndGlobalSection
	GlobalSection(ProjectConfigurationPlatforms) = postSolution
		{16E9F199-79A1-4EFA-AD8E-6E3EFA03777C}.Debug|Any CPU.ActiveCfg = Debug|Any CPU
		{16E9F199-79A1-4EFA-AD8E-6E3EFA03777C}.Debug|Any CPU.Build.0 = Debug|Any CPU
		{16E9F199-79A1-4EFA-AD8E-6E3EFA03777C}.Release|Any CPU.ActiveCfg = Release|Any CPU
		{16E9F199-79A1-4EFA-AD8E-6E3EFA03777C}.Release|Any CPU.Build.0 = Release|Any CPU
	EndGlobalSection
	GlobalSection(SolutionProperties) = preSolution
		HideSolutionNode = FALSE
	EndGlobalSection
	GlobalSection(ExtensibilityGlobals) = postSolution
		SolutionGuid = {E1C4F37E-2768-4DBB-B93E-CEA11344DDC5}
	EndGlobalSection
EndGlobal
